
Microsoft Visual Studio Solution File, Format Version 12.00
# Visual Studio Version 16
VisualStudioVersion = 16.0.30225.117
MinimumVisualStudioVersion = 10.0.40219.1
Project("{9A19103F-16F7-4668-BE54-9A1E7A4F7556}") = "Basics", "Basics\Basics.csproj", "{A3B639AF-B47D-441C-9DA2-2E74E6CFA5F6}"
EndProject
Project("{9A19103F-16F7-4668-BE54-9A1E7A4F7556}") = "IdentityExample", "IdentityExample\IdentityExample.csproj", "{EF23F09E-7527-43D1-AF12-79A2AB7D7C54}"
EndProject
Project("{FAE04EC0-301F-11D3-BF4B-00C04F79EFBC}") = "Identity", "Identity\Identity.csproj", "{FFBFCB5F-D5C6-4415-A05C-3A5944FB45D2}"
EndProject
Global
	GlobalSection(SolutionConfigurationPlatforms) = preSolution
		Debug|Any CPU = Debug|Any CPU
		Release|Any CPU = Release|Any CPU
	EndGlobalSection
	GlobalSection(ProjectConfigurationPlatforms) = postSolution
		{A3B639AF-B47D-441C-9DA2-2E74E6CFA5F6}.Debug|Any CPU.ActiveCfg = Debug|Any CPU
		{A3B639AF-B47D-441C-9DA2-2E74E6CFA5F6}.Debug|Any CPU.Build.0 = Debug|Any CPU
		{A3B639AF-B47D-441C-9DA2-2E74E6CFA5F6}.Release|Any CPU.ActiveCfg = Release|Any CPU
		{A3B639AF-B47D-441C-9DA2-2E74E6CFA5F6}.Release|Any CPU.Build.0 = Release|Any CPU
		{EF23F09E-7527-43D1-AF12-79A2AB7D7C54}.Debug|Any CPU.ActiveCfg = Debug|Any CPU
		{EF23F09E-7527-43D1-AF12-79A2AB7D7C54}.Debug|Any CPU.Build.0 = Debug|Any CPU
		{EF23F09E-7527-43D1-AF12-79A2AB7D7C54}.Release|Any CPU.ActiveCfg = Release|Any CPU
		{EF23F09E-7527-43D1-AF12-79A2AB7D7C54}.Release|Any CPU.Build.0 = Release|Any CPU
		{FFBFCB5F-D5C6-4415-A05C-3A5944FB45D2}.Debug|Any CPU.ActiveCfg = Debug|Any CPU
		{FFBFCB5F-D5C6-4415-A05C-3A5944FB45D2}.Debug|Any CPU.Build.0 = Debug|Any CPU
		{FFBFCB5F-D5C6-4415-A05C-3A5944FB45D2}.Release|Any CPU.ActiveCfg = Release|Any CPU
		{FFBFCB5F-D5C6-4415-A05C-3A5944FB45D2}.Release|Any CPU.Build.0 = Release|Any CPU
	EndGlobalSection
	GlobalSection(SolutionProperties) = preSolution
		HideSolutionNode = FALSE
	EndGlobalSection
	GlobalSection(ExtensibilityGlobals) = postSolution
		SolutionGuid = {2B18F8FF-C766-4A7E-9DE9-785A0C411B6A}
	EndGlobalSection
EndGlobal
